{
  "version": 4,
  "terraform_version": "0.15.3",
  "serial": 31,
  "lineage": "0c33dc0b-0a00-dadc-0fe5-92b72cdc3c33",
  "outputs": {
    "namespace": {
      "value": "ociobenablement",
      "type": "string"
    },
    "namespace-metadata": {
      "value": "\n  namespace = ociobenablement\n  default_s3compartment_id = ocid1.compartment.oc1..aaaaaaaacrwyqytswze7bdtkh2hex7wylahjvg45o5lbaufbtub5k3mrcika\n",
      "type": "string"
    }
  },
  "resources": [
    {
      "mode": "data",
      "type": "oci_core_vnic",
      "name": "datas_instance1_vnic1",
      "provider": "provider[\"registry.terraform.io/hashicorp/oci\"]",
      "instances": [
        {
          "schema_version": 0,
          "attributes": {
            "availability_domain": "GrCh:US-ASHBURN-AD-2",
            "compartment_id": "ocid1.compartment.oc1..aaaaaaaacrwyqytswze7bdtkh2hex7wylahjvg45o5lbaufbtub5k3mrcika",
            "defined_tags": {
              "Oracle-Tags.CreatedBy": "identitycloudservice/ajay.k.kulkarni@oracle.com",
              "Oracle-Tags.CreatedOn": "2021-06-09T19:23:20.049Z",
              "ops.CreatedBy": "identitycloudservice/ajay.k.kulkarni@oracle.com",
              "ops.CreationDate": "2021-06-09T19:23:20.049Z"
            },
            "display_name": "datasience",
            "freeform_tags": {},
            "hostname_label": null,
            "id": "ocid1.vnic.oc1.iad.abuwcljrf5g4t4mojxyycdd4snjiyj3urtj2ucsg24vthtpe3udxppt43ada",
            "is_primary": true,
            "mac_address": "02:00:17:03:5A:21",
            "nsg_ids": [],
            "private_ip_address": "10.0.1.204",
            "public_ip_address": "129.213.20.218",
            "skip_source_dest_check": false,
            "state": "AVAILABLE",
            "subnet_id": "ocid1.subnet.oc1.iad.aaaaaaaahy34ummszghz5fkeowrptc57aumq3tptglknwxr6z4l4g6nzultq",
            "time_created": "2021-06-09 19:23:23.479 +0000 UTC",
            "vlan_id": null,
            "vnic_id": "ocid1.vnic.oc1.iad.abuwcljrf5g4t4mojxyycdd4snjiyj3urtj2ucsg24vthtpe3udxppt43ada"
          },
          "sensitive_attributes": []
        }
      ]
    },
    {
      "mode": "data",
      "type": "oci_core_vnic",
      "name": "datas_instance2_vnic1",
      "provider": "provider[\"registry.terraform.io/hashicorp/oci\"]",
      "instances": [
        {
          "schema_version": 0,
          "attributes": {
            "availability_domain": "GrCh:US-ASHBURN-AD-2",
            "compartment_id": "ocid1.compartment.oc1..aaaaaaaacrwyqytswze7bdtkh2hex7wylahjvg45o5lbaufbtub5k3mrcika",
            "defined_tags": {
              "Oracle-Tags.CreatedBy": "identitycloudservice/ajay.k.kulkarni@oracle.com",
              "Oracle-Tags.CreatedOn": "2021-06-09T19:23:20.049Z",
              "ops.CreatedBy": "identitycloudservice/ajay.k.kulkarni@oracle.com",
              "ops.CreationDate": "2021-06-09T19:23:20.049Z"
            },
            "display_name": "datasience",
            "freeform_tags": {},
            "hostname_label": null,
            "id": "ocid1.vnic.oc1.iad.abuwcljrf5g4t4mojxyycdd4snjiyj3urtj2ucsg24vthtpe3udxppt43ada",
            "is_primary": true,
            "mac_address": "02:00:17:03:5A:21",
            "nsg_ids": [],
            "private_ip_address": "10.0.1.204",
            "public_ip_address": "129.213.20.218",
            "skip_source_dest_check": false,
            "state": "AVAILABLE",
            "subnet_id": "ocid1.subnet.oc1.iad.aaaaaaaahy34ummszghz5fkeowrptc57aumq3tptglknwxr6z4l4g6nzultq",
            "time_created": "2021-06-09 19:23:23.479 +0000 UTC",
            "vlan_id": null,
            "vnic_id": "ocid1.vnic.oc1.iad.abuwcljrf5g4t4mojxyycdd4snjiyj3urtj2ucsg24vthtpe3udxppt43ada"
          },
          "sensitive_attributes": []
        }
      ]
    },
    {
      "mode": "data",
      "type": "oci_core_vnic_attachments",
      "name": "datas_instance1_vnic1_attach",
      "provider": "provider[\"registry.terraform.io/hashicorp/oci\"]",
      "instances": [
        {
          "schema_version": 0,
          "attributes": {
            "availability_domain": "GrCh:US-ASHBURN-AD-2",
            "compartment_id": "ocid1.compartment.oc1..aaaaaaaacrwyqytswze7bdtkh2hex7wylahjvg45o5lbaufbtub5k3mrcika",
            "filter": null,
            "id": "CoreVnicAttachmentsDataSource-2101171512",
            "instance_id": "ocid1.instance.oc1.iad.anuwcljrnlc5nbycslrjihdtumw7xhzjxs36ui4we4mdajyr4yf6ejvpfksq",
            "vnic_attachments": [
              {
                "availability_domain": "GrCh:US-ASHBURN-AD-2",
                "compartment_id": "ocid1.compartment.oc1..aaaaaaaacrwyqytswze7bdtkh2hex7wylahjvg45o5lbaufbtub5k3mrcika",
                "create_vnic_details": [],
                "display_name": "",
                "id": "ocid1.vnicattachment.oc1.iad.anuwcljrnlc5nbycfsa2rarbammkqq7x6byaljiwct3jx5fwjnpfgsydhpua",
                "instance_id": "ocid1.instance.oc1.iad.anuwcljrnlc5nbycslrjihdtumw7xhzjxs36ui4we4mdajyr4yf6ejvpfksq",
                "nic_index": 0,
                "state": "ATTACHED",
                "subnet_id": "ocid1.subnet.oc1.iad.aaaaaaaahy34ummszghz5fkeowrptc57aumq3tptglknwxr6z4l4g6nzultq",
                "time_created": "2021-06-09 19:23:23.861 +0000 UTC",
                "vlan_id": "",
                "vlan_tag": 4079,
                "vnic_id": "ocid1.vnic.oc1.iad.abuwcljrf5g4t4mojxyycdd4snjiyj3urtj2ucsg24vthtpe3udxppt43ada"
              }
            ],
            "vnic_id": null
          },
          "sensitive_attributes": []
        }
      ]
    },
    {
      "mode": "data",
      "type": "oci_core_vnic_attachments",
      "name": "datas_instance2_vnic1_attach",
      "provider": "provider[\"registry.terraform.io/hashicorp/oci\"]",
      "instances": [
        {
          "schema_version": 0,
          "attributes": {
            "availability_domain": "GrCh:US-ASHBURN-AD-2",
            "compartment_id": "ocid1.compartment.oc1..aaaaaaaacrwyqytswze7bdtkh2hex7wylahjvg45o5lbaufbtub5k3mrcika",
            "filter": null,
            "id": "CoreVnicAttachmentsDataSource-2101171512",
            "instance_id": "ocid1.instance.oc1.iad.anuwcljrnlc5nbycslrjihdtumw7xhzjxs36ui4we4mdajyr4yf6ejvpfksq",
            "vnic_attachments": [
              {
                "availability_domain": "GrCh:US-ASHBURN-AD-2",
                "compartment_id": "ocid1.compartment.oc1..aaaaaaaacrwyqytswze7bdtkh2hex7wylahjvg45o5lbaufbtub5k3mrcika",
                "create_vnic_details": [],
                "display_name": "",
                "id": "ocid1.vnicattachment.oc1.iad.anuwcljrnlc5nbycfsa2rarbammkqq7x6byaljiwct3jx5fwjnpfgsydhpua",
                "instance_id": "ocid1.instance.oc1.iad.anuwcljrnlc5nbycslrjihdtumw7xhzjxs36ui4we4mdajyr4yf6ejvpfksq",
                "nic_index": 0,
                "state": "ATTACHED",
                "subnet_id": "ocid1.subnet.oc1.iad.aaaaaaaahy34ummszghz5fkeowrptc57aumq3tptglknwxr6z4l4g6nzultq",
                "time_created": "2021-06-09 19:23:23.861 +0000 UTC",
                "vlan_id": "",
                "vlan_tag": 4079,
                "vnic_id": "ocid1.vnic.oc1.iad.abuwcljrf5g4t4mojxyycdd4snjiyj3urtj2ucsg24vthtpe3udxppt43ada"
              }
            ],
            "vnic_id": null
          },
          "sensitive_attributes": []
        }
      ]
    },
    {
      "mode": "data",
      "type": "oci_datascience_notebook_session_shapes",
      "name": "ds_notebook_session_shapes",
      "provider": "provider[\"registry.terraform.io/hashicorp/oci\"]",
      "instances": [
        {
          "schema_version": 0,
          "attributes": {
            "compartment_id": "ocid1.compartment.oc1..aaaaaaaacrwyqytswze7bdtkh2hex7wylahjvg45o5lbaufbtub5k3mrcika",
            "filter": null,
            "id": "DatascienceNotebookSessionShapesDataSource-1982243695",
            "notebook_session_shapes": [
              {
                "core_count": 2,
                "memory_in_gbs": 16,
                "name": "VM.Standard.E2.2",
                "shape_series": "LEGACY"
              },
              {
                "core_count": 4,
                "memory_in_gbs": 32,
                "name": "VM.Standard.E2.4",
                "shape_series": "LEGACY"
              },
              {
                "core_count": 8,
                "memory_in_gbs": 64,
                "name": "VM.Standard.E2.8",
                "shape_series": "LEGACY"
              },
              {
                "core_count": 1,
                "memory_in_gbs": 15,
                "name": "VM.Standard2.1",
                "shape_series": "INTEL_SKYLAKE"
              },
              {
                "core_count": 2,
                "memory_in_gbs": 30,
                "name": "VM.Standard2.2",
                "shape_series": "INTEL_SKYLAKE"
              },
              {
                "core_count": 4,
                "memory_in_gbs": 60,
                "name": "VM.Standard2.4",
                "shape_series": "INTEL_SKYLAKE"
              },
              {
                "core_count": 8,
                "memory_in_gbs": 120,
                "name": "VM.Standard2.8",
                "shape_series": "INTEL_SKYLAKE"
              },
              {
                "core_count": 16,
                "memory_in_gbs": 240,
                "name": "VM.Standard2.16",
                "shape_series": "INTEL_SKYLAKE"
              },
              {
                "core_count": 24,
                "memory_in_gbs": 320,
                "name": "VM.Standard2.24",
                "shape_series": "INTEL_SKYLAKE"
              },
              {
                "core_count": 64,
                "memory_in_gbs": 1024,
                "name": "VM.Standard.E3.Flex",
                "shape_series": "AMD_ROME"
              },
              {
                "core_count": 1,
                "memory_in_gbs": 104,
                "name": "VM.GPU2.1",
                "shape_series": "NVIDIA_GPU"
              },
              {
                "core_count": 1,
                "memory_in_gbs": 90,
                "name": "VM.GPU3.1",
                "shape_series": "NVIDIA_GPU"
              },
              {
                "core_count": 2,
                "memory_in_gbs": 180,
                "name": "VM.GPU3.2",
                "shape_series": "NVIDIA_GPU"
              },
              {
                "core_count": 4,
                "memory_in_gbs": 360,
                "name": "VM.GPU3.4",
                "shape_series": "NVIDIA_GPU"
              }
            ]
          },
          "sensitive_attributes": []
        }
      ]
    },
    {
      "mode": "data",
      "type": "oci_datascience_notebook_sessions",
      "name": "ds_notebook_sessions",
      "provider": "provider[\"registry.terraform.io/hashicorp/oci\"]",
      "instances": [
        {
          "schema_version": 0,
          "attributes": {
            "compartment_id": "ocid1.compartment.oc1..aaaaaaaacrwyqytswze7bdtkh2hex7wylahjvg45o5lbaufbtub5k3mrcika",
            "created_by": null,
            "display_name": null,
            "filter": null,
            "id": "DatascienceNotebookSessionsDataSource-1982243695",
            "notebook_sessions": [
              {
                "compartment_id": "ocid1.compartment.oc1..aaaaaaaacrwyqytswze7bdtkh2hex7wylahjvg45o5lbaufbtub5k3mrcika",
                "created_by": "ocid1.user.oc1..aaaaaaaap4dsjvf2pgf7mx3o65widgxqbyxtwdblanrfveaqag3ckjbsstsa",
                "defined_tags": {
                  "Oracle-Tags.CreatedBy": "identitycloudservice/ajay.k.kulkarni@oracle.com",
                  "Oracle-Tags.CreatedOn": "2021-06-08T19:19:34.790Z",
                  "ops.CreatedBy": "identitycloudservice/ajay.k.kulkarni@oracle.com",
                  "ops.CreationDate": "2021-06-08T19:19:34.790Z"
                },
                "display_name": "datasciencenotebooksession20210608191935",
                "freeform_tags": {},
                "id": "ocid1.datasciencenotebooksession.oc1.iad.amaaaaaanlc5nbyaggymd2q5a2kn5gh6yfjck2pgdn43wljbdrzaxjskrmda",
                "lifecycle_details": "",
                "notebook_session_configuration_details": [
                  {
                    "block_storage_size_in_gbs": 1024,
                    "notebook_session_shape_config_details": [],
                    "shape": "VM.Standard.E2.2",
                    "subnet_id": "ocid1.subnet.oc1.iad.aaaaaaaasfmed5r4ze7auc2zk4fanlwqm3pymaisvt44wjyhmghswmkhr6la"
                  }
                ],
                "notebook_session_url": "https://cell-01.datascience.us-ashburn-1.oci.oraclecloud.com/ocid1.datasciencenotebooksession.oc1.iad.amaaaaaanlc5nbyaggymd2q5a2kn5gh6yfjck2pgdn43wljbdrzaxjskrmda",
                "project_id": "ocid1.datascienceproject.oc1.iad.amaaaaaanlc5nbya26sy5o5mkqvl634lm7razweb7hzajrq7or5x6nf2mqrq",
                "state": "DELETED",
                "time_created": "2021-06-08 19:19:35.067 +0000 UTC"
              },
              {
                "compartment_id": "ocid1.compartment.oc1..aaaaaaaacrwyqytswze7bdtkh2hex7wylahjvg45o5lbaufbtub5k3mrcika",
                "created_by": "ocid1.user.oc1..aaaaaaaap4dsjvf2pgf7mx3o65widgxqbyxtwdblanrfveaqag3ckjbsstsa",
                "defined_tags": {
                  "Oracle-Tags.CreatedBy": "identitycloudservice/ajay.k.kulkarni@oracle.com",
                  "Oracle-Tags.CreatedOn": "2021-06-08T18:17:39.323Z",
                  "ops.CreatedBy": "identitycloudservice/ajay.k.kulkarni@oracle.com",
                  "ops.CreationDate": "2021-06-08T18:17:39.323Z"
                },
                "display_name": "datasciencenotebooksession20210608181739",
                "freeform_tags": {},
                "id": "ocid1.datasciencenotebooksession.oc1.iad.amaaaaaanlc5nbya64q5jjzuqipnjmfpe6mrn23mboycwqmopctaztw4hcaq",
                "lifecycle_details": "",
                "notebook_session_configuration_details": [
                  {
                    "block_storage_size_in_gbs": 1024,
                    "notebook_session_shape_config_details": [],
                    "shape": "VM.Standard.E2.2",
                    "subnet_id": "ocid1.subnet.oc1.iad.aaaaaaaaux2to5ggts2ho6f5ycbxgmrfuo2mfnlhdclle657xu6d3xtcxlza"
                  }
                ],
                "notebook_session_url": "https://cell-01.datascience.us-ashburn-1.oci.oraclecloud.com/ocid1.datasciencenotebooksession.oc1.iad.amaaaaaanlc5nbya64q5jjzuqipnjmfpe6mrn23mboycwqmopctaztw4hcaq",
                "project_id": "ocid1.datascienceproject.oc1.iad.amaaaaaanlc5nbyacznuwvbw3baafzqudvf7dibfeukul5tlma6wpwptob7a",
                "state": "DELETED",
                "time_created": "2021-06-08 18:17:39.706 +0000 UTC"
              },
              {
                "compartment_id": "ocid1.compartment.oc1..aaaaaaaacrwyqytswze7bdtkh2hex7wylahjvg45o5lbaufbtub5k3mrcika",
                "created_by": "ocid1.user.oc1..aaaaaaaap4dsjvf2pgf7mx3o65widgxqbyxtwdblanrfveaqag3ckjbsstsa",
                "defined_tags": {
                  "Oracle-Tags.CreatedBy": "identitycloudservice/ajay.k.kulkarni@oracle.com",
                  "Oracle-Tags.CreatedOn": "2021-06-08T17:59:41.656Z",
                  "ops.CreatedBy": "identitycloudservice/ajay.k.kulkarni@oracle.com",
                  "ops.CreationDate": "2021-06-08T17:59:41.656Z"
                },
                "display_name": "datasciencenotebooksession20210608175942",
                "freeform_tags": {},
                "id": "ocid1.datasciencenotebooksession.oc1.iad.amaaaaaanlc5nbya45dvp56qmeo4ngugzdhiys3bfnat2skbwgf7jgy3lgma",
                "lifecycle_details": "",
                "notebook_session_configuration_details": [
                  {
                    "block_storage_size_in_gbs": 1024,
                    "notebook_session_shape_config_details": [],
                    "shape": "VM.Standard.E2.2",
                    "subnet_id": "ocid1.subnet.oc1.iad.aaaaaaaalou3wvssqhmhnnchwspquqmjp2p2wakvxeullsdfdlpzxv6ne7pa"
                  }
                ],
                "notebook_session_url": "https://cell-01.datascience.us-ashburn-1.oci.oraclecloud.com/ocid1.datasciencenotebooksession.oc1.iad.amaaaaaanlc5nbya45dvp56qmeo4ngugzdhiys3bfnat2skbwgf7jgy3lgma",
                "project_id": "ocid1.datascienceproject.oc1.iad.amaaaaaanlc5nbyagtysxbn2rs2v6s6nznmscbp6iia7suqakrrbtk7ar44q",
                "state": "DELETED",
                "time_created": "2021-06-08 17:59:42.152 +0000 UTC"
              },
              {
                "compartment_id": "ocid1.compartment.oc1..aaaaaaaacrwyqytswze7bdtkh2hex7wylahjvg45o5lbaufbtub5k3mrcika",
                "created_by": "ocid1.user.oc1..aaaaaaaap4dsjvf2pgf7mx3o65widgxqbyxtwdblanrfveaqag3ckjbsstsa",
                "defined_tags": {
                  "Oracle-Tags.CreatedBy": "identitycloudservice/ajay.k.kulkarni@oracle.com",
                  "Oracle-Tags.CreatedOn": "2021-06-07T19:47:06.004Z",
                  "ops.CreatedBy": "identitycloudservice/ajay.k.kulkarni@oracle.com",
                  "ops.CreationDate": "2021-06-07T19:47:06.004Z"
                },
                "display_name": "datasciencenotebooksession20210607194706",
                "freeform_tags": {},
                "id": "ocid1.datasciencenotebooksession.oc1.iad.amaaaaaanlc5nbyau6c5cgjbyhnwhdmc5hwjgndpukxzje232rffn4rpsyoq",
                "lifecycle_details": "",
                "notebook_session_configuration_details": [
                  {
                    "block_storage_size_in_gbs": 1024,
                    "notebook_session_shape_config_details": [],
                    "shape": "VM.Standard.E2.2",
                    "subnet_id": "ocid1.subnet.oc1.iad.aaaaaaaarf5jhfd4hwkmu545zb2l5tdpfvb7ye3ygsll63m63b2tzhhjeima"
                  }
                ],
                "notebook_session_url": "https://cell-01.datascience.us-ashburn-1.oci.oraclecloud.com/ocid1.datasciencenotebooksession.oc1.iad.amaaaaaanlc5nbyau6c5cgjbyhnwhdmc5hwjgndpukxzje232rffn4rpsyoq",
                "project_id": "ocid1.datascienceproject.oc1.iad.amaaaaaanlc5nbyaztq2p4yjzgsx5oaypzfm3zmz42oagk7pms2gt53cevbq",
                "state": "DELETED",
                "time_created": "2021-06-07 19:47:06.686 +0000 UTC"
              },
              {
                "compartment_id": "ocid1.compartment.oc1..aaaaaaaacrwyqytswze7bdtkh2hex7wylahjvg45o5lbaufbtub5k3mrcika",
                "created_by": "ocid1.user.oc1..aaaaaaaap4dsjvf2pgf7mx3o65widgxqbyxtwdblanrfveaqag3ckjbsstsa",
                "defined_tags": {
                  "Oracle-Tags.CreatedBy": "identitycloudservice/ajay.k.kulkarni@oracle.com",
                  "Oracle-Tags.CreatedOn": "2021-05-25T15:54:50.804Z",
                  "ops.CreatedBy": "identitycloudservice/ajay.k.kulkarni@oracle.com",
                  "ops.CreationDate": "2021-05-25T15:54:50.804Z"
                },
                "display_name": "datasciencenotebooksession20210525155451",
                "freeform_tags": {},
                "id": "ocid1.datasciencenotebooksession.oc1.iad.amaaaaaanlc5nbyawwdrwzcaltdby3ilmobi2naklr6kflpfkeere52tm3fa",
                "lifecycle_details": "",
                "notebook_session_configuration_details": [
                  {
                    "block_storage_size_in_gbs": 1024,
                    "notebook_session_shape_config_details": [],
                    "shape": "VM.Standard.E2.2",
                    "subnet_id": "ocid1.subnet.oc1.iad.aaaaaaaaahox65v7pt4h44xjyquwrqq4ig7qqyyuxsxolqrt735ll6z7qhaq"
                  }
                ],
                "notebook_session_url": "https://cell-01.datascience.us-ashburn-1.oci.oraclecloud.com/ocid1.datasciencenotebooksession.oc1.iad.amaaaaaanlc5nbyawwdrwzcaltdby3ilmobi2naklr6kflpfkeere52tm3fa",
                "project_id": "ocid1.datascienceproject.oc1.iad.amaaaaaanlc5nbyag3d3u2lonvkmyy6sft4ch6uc77z3rrpovelnzcp2fwcq",
                "state": "DELETED",
                "time_created": "2021-05-25 15:54:51.197 +0000 UTC"
              },
              {
                "compartment_id": "ocid1.compartment.oc1..aaaaaaaacrwyqytswze7bdtkh2hex7wylahjvg45o5lbaufbtub5k3mrcika",
                "created_by": "ocid1.user.oc1..aaaaaaaap4dsjvf2pgf7mx3o65widgxqbyxtwdblanrfveaqag3ckjbsstsa",
                "defined_tags": {
                  "Oracle-Tags.CreatedBy": "identitycloudservice/ajay.k.kulkarni@oracle.com",
                  "Oracle-Tags.CreatedOn": "2021-05-20T15:02:17.994Z",
                  "ops.CreatedBy": "identitycloudservice/ajay.k.kulkarni@oracle.com",
                  "ops.CreationDate": "2021-05-20T15:02:17.994Z"
                },
                "display_name": "datasciencenotebooksession20210520150218",
                "freeform_tags": {},
                "id": "ocid1.datasciencenotebooksession.oc1.iad.amaaaaaanlc5nbyazyassgajj2jaudk4rda3q2fptkccozijr5jhhw3eoxaa",
                "lifecycle_details": "",
                "notebook_session_configuration_details": [
                  {
                    "block_storage_size_in_gbs": 1024,
                    "notebook_session_shape_config_details": [],
                    "shape": "VM.Standard.E2.2",
                    "subnet_id": "ocid1.subnet.oc1.iad.aaaaaaaarrbilvam7x3o6yz7evucczourtps7urlwjf2b223fzcud34rtn4q"
                  }
                ],
                "notebook_session_url": "https://cell-01.datascience.us-ashburn-1.oci.oraclecloud.com/ocid1.datasciencenotebooksession.oc1.iad.amaaaaaanlc5nbyazyassgajj2jaudk4rda3q2fptkccozijr5jhhw3eoxaa",
                "project_id": "ocid1.datascienceproject.oc1.iad.amaaaaaanlc5nbyaj2mb2sol32chqn3xhbkfjegpaz5xw5sj7z2l3ax6v3na",
                "state": "DELETED",
                "time_created": "2021-05-20 15:02:18.566 +0000 UTC"
              },
              {
                "compartment_id": "ocid1.compartment.oc1..aaaaaaaacrwyqytswze7bdtkh2hex7wylahjvg45o5lbaufbtub5k3mrcika",
                "created_by": "ocid1.saml2idp.oc1..aaaaaaaapcxyohfvt3wh2xzsceqciqh2dqh3xmk76ljjf7d2yo5kkaj7l4ia/ajay.k.kulkarni@oracle.com",
                "defined_tags": {
                  "Oracle-Tags.CreatedBy": "identitycloudservice/ajay.k.kulkarni@oracle.com",
                  "Oracle-Tags.CreatedOn": "2021-05-05T14:42:46.030Z",
                  "ops.CreatedBy": "identitycloudservice/ajay.k.kulkarni@oracle.com",
                  "ops.CreationDate": "2021-05-05T14:42:46.030Z"
                },
                "display_name": "dsc-session",
                "freeform_tags": {},
                "id": "ocid1.datasciencenotebooksession.oc1.iad.amaaaaaanlc5nbyaul3j3fqm6zuzdjy3ddetaie3z6aa7ys5zilsxn3trvyq",
                "lifecycle_details": "",
                "notebook_session_configuration_details": [
                  {
                    "block_storage_size_in_gbs": 50,
                    "notebook_session_shape_config_details": [],
                    "shape": "VM.Standard.E2.2",
                    "subnet_id": "ocid1.subnet.oc1.iad.aaaaaaaa7ea3bw46jwidlfxeszq26wzi3csluhqu7yvathuyftcxh6xxc64a"
                  }
                ],
                "notebook_session_url": "https://cell-01.datascience.us-ashburn-1.oci.oraclecloud.com/ocid1.datasciencenotebooksession.oc1.iad.amaaaaaanlc5nbyaul3j3fqm6zuzdjy3ddetaie3z6aa7ys5zilsxn3trvyq",
                "project_id": "ocid1.datascienceproject.oc1.iad.amaaaaaanlc5nbyafxlnebmyx7u75u6mzrql64shdyiuxjuv2m33uvtccn6q",
                "state": "DELETED",
                "time_created": "2021-05-05 14:42:46.479 +0000 UTC"
              }
            ],
            "project_id": null,
            "state": null
          },
          "sensitive_attributes": []
        }
      ]
    },
    {
      "mode": "data",
      "type": "oci_datascience_projects",
      "name": "ds_projects",
      "provider": "provider[\"registry.terraform.io/hashicorp/oci\"]",
      "instances": [
        {
          "schema_version": 0,
          "attributes": {
            "compartment_id": "ocid1.compartment.oc1..aaaaaaaacrwyqytswze7bdtkh2hex7wylahjvg45o5lbaufbtub5k3mrcika",
            "created_by": null,
            "display_name": "MyDataScience1",
            "filter": null,
            "id": "DatascienceProjectsDataSource-1989007788",
            "projects": [
              {
                "compartment_id": "ocid1.compartment.oc1..aaaaaaaacrwyqytswze7bdtkh2hex7wylahjvg45o5lbaufbtub5k3mrcika",
                "created_by": "ocid1.user.oc1..aaaaaaaap4dsjvf2pgf7mx3o65widgxqbyxtwdblanrfveaqag3ckjbsstsa",
                "defined_tags": {
                  "Oracle-Tags.CreatedBy": "identitycloudservice/ajay.k.kulkarni@oracle.com",
                  "Oracle-Tags.CreatedOn": "2021-06-09T17:41:28.474Z",
                  "ops.CreatedBy": "identitycloudservice/ajay.k.kulkarni@oracle.com",
                  "ops.CreationDate": "2021-06-09T17:41:28.474Z"
                },
                "description": "",
                "display_name": "MyDataScience1",
                "freeform_tags": {},
                "id": "ocid1.datascienceproject.oc1.iad.amaaaaaanlc5nbyads3phxjg63hopgpfjvo3j76a6hizeyy5qfupoldzk22a",
                "state": "ACTIVE",
                "time_created": "2021-06-09 17:41:28.838 +0000 UTC"
              },
              {
                "compartment_id": "ocid1.compartment.oc1..aaaaaaaacrwyqytswze7bdtkh2hex7wylahjvg45o5lbaufbtub5k3mrcika",
                "created_by": "ocid1.user.oc1..aaaaaaaap4dsjvf2pgf7mx3o65widgxqbyxtwdblanrfveaqag3ckjbsstsa",
                "defined_tags": {
                  "Oracle-Tags.CreatedBy": "identitycloudservice/ajay.k.kulkarni@oracle.com",
                  "Oracle-Tags.CreatedOn": "2021-06-08T19:19:31.815Z",
                  "ops.CreatedBy": "identitycloudservice/ajay.k.kulkarni@oracle.com",
                  "ops.CreationDate": "2021-06-08T19:19:31.815Z"
                },
                "description": "",
                "display_name": "MyDataScience1",
                "freeform_tags": {},
                "id": "ocid1.datascienceproject.oc1.iad.amaaaaaanlc5nbya26sy5o5mkqvl634lm7razweb7hzajrq7or5x6nf2mqrq",
                "state": "DELETED",
                "time_created": "2021-06-08 19:19:31.935 +0000 UTC"
              },
              {
                "compartment_id": "ocid1.compartment.oc1..aaaaaaaacrwyqytswze7bdtkh2hex7wylahjvg45o5lbaufbtub5k3mrcika",
                "created_by": "ocid1.user.oc1..aaaaaaaap4dsjvf2pgf7mx3o65widgxqbyxtwdblanrfveaqag3ckjbsstsa",
                "defined_tags": {
                  "Oracle-Tags.CreatedBy": "identitycloudservice/ajay.k.kulkarni@oracle.com",
                  "Oracle-Tags.CreatedOn": "2021-06-08T18:17:36.331Z",
                  "ops.CreatedBy": "identitycloudservice/ajay.k.kulkarni@oracle.com",
                  "ops.CreationDate": "2021-06-08T18:17:36.331Z"
                },
                "description": "",
                "display_name": "MyDataScience1",
                "freeform_tags": {},
                "id": "ocid1.datascienceproject.oc1.iad.amaaaaaanlc5nbyacznuwvbw3baafzqudvf7dibfeukul5tlma6wpwptob7a",
                "state": "DELETED",
                "time_created": "2021-06-08 18:17:36.436 +0000 UTC"
              },
              {
                "compartment_id": "ocid1.compartment.oc1..aaaaaaaacrwyqytswze7bdtkh2hex7wylahjvg45o5lbaufbtub5k3mrcika",
                "created_by": "ocid1.user.oc1..aaaaaaaap4dsjvf2pgf7mx3o65widgxqbyxtwdblanrfveaqag3ckjbsstsa",
                "defined_tags": {
                  "Oracle-Tags.CreatedBy": "identitycloudservice/ajay.k.kulkarni@oracle.com",
                  "Oracle-Tags.CreatedOn": "2021-06-08T17:59:39.539Z",
                  "ops.CreatedBy": "identitycloudservice/ajay.k.kulkarni@oracle.com",
                  "ops.CreationDate": "2021-06-08T17:59:39.539Z"
                },
                "description": "",
                "display_name": "MyDataScience1",
                "freeform_tags": {},
                "id": "ocid1.datascienceproject.oc1.iad.amaaaaaanlc5nbyagtysxbn2rs2v6s6nznmscbp6iia7suqakrrbtk7ar44q",
                "state": "DELETED",
                "time_created": "2021-06-08 17:59:39.626 +0000 UTC"
              },
              {
                "compartment_id": "ocid1.compartment.oc1..aaaaaaaacrwyqytswze7bdtkh2hex7wylahjvg45o5lbaufbtub5k3mrcika",
                "created_by": "ocid1.user.oc1..aaaaaaaap4dsjvf2pgf7mx3o65widgxqbyxtwdblanrfveaqag3ckjbsstsa",
                "defined_tags": {
                  "Oracle-Tags.CreatedBy": "identitycloudservice/ajay.k.kulkarni@oracle.com",
                  "Oracle-Tags.CreatedOn": "2021-06-07T19:47:03.169Z",
                  "ops.CreatedBy": "identitycloudservice/ajay.k.kulkarni@oracle.com",
                  "ops.CreationDate": "2021-06-07T19:47:03.169Z"
                },
                "description": "",
                "display_name": "MyDataScience1",
                "freeform_tags": {},
                "id": "ocid1.datascienceproject.oc1.iad.amaaaaaanlc5nbyaztq2p4yjzgsx5oaypzfm3zmz42oagk7pms2gt53cevbq",
                "state": "DELETED",
                "time_created": "2021-06-07 19:47:03.281 +0000 UTC"
              },
              {
                "compartment_id": "ocid1.compartment.oc1..aaaaaaaacrwyqytswze7bdtkh2hex7wylahjvg45o5lbaufbtub5k3mrcika",
                "created_by": "ocid1.user.oc1..aaaaaaaap4dsjvf2pgf7mx3o65widgxqbyxtwdblanrfveaqag3ckjbsstsa",
                "defined_tags": {
                  "Oracle-Tags.CreatedBy": "identitycloudservice/ajay.k.kulkarni@oracle.com",
                  "Oracle-Tags.CreatedOn": "2021-05-25T15:54:47.782Z",
                  "ops.CreatedBy": "identitycloudservice/ajay.k.kulkarni@oracle.com",
                  "ops.CreationDate": "2021-05-25T15:54:47.782Z"
                },
                "description": "",
                "display_name": "MyDataScience1",
                "freeform_tags": {},
                "id": "ocid1.datascienceproject.oc1.iad.amaaaaaanlc5nbyag3d3u2lonvkmyy6sft4ch6uc77z3rrpovelnzcp2fwcq",
                "state": "DELETED",
                "time_created": "2021-05-25 15:54:47.903 +0000 UTC"
              }
            ],
            "state": null
          },
          "sensitive_attributes": []
        }
      ]
    },
    {
      "mode": "data",
      "type": "oci_objectstorage_namespace",
      "name": "ns",
      "provider": "provider[\"registry.terraform.io/hashicorp/oci\"]",
      "instances": [
        {
          "schema_version": 0,
          "attributes": {
            "compartment_id": "ocid1.compartment.oc1..aaaaaaaacrwyqytswze7bdtkh2hex7wylahjvg45o5lbaufbtub5k3mrcika",
            "id": "ObjectStorageNamespaceDataSource-1982243695",
            "namespace": "ociobenablement"
          },
          "sensitive_attributes": []
        }
      ]
    },
    {
      "mode": "data",
      "type": "oci_objectstorage_namespace_metadata",
      "name": "namespace-metadata1",
      "provider": "provider[\"registry.terraform.io/hashicorp/oci\"]",
      "instances": [
        {
          "schema_version": 0,
          "attributes": {
            "default_s3compartment_id": "ocid1.compartment.oc1..aaaaaaaacrwyqytswze7bdtkh2hex7wylahjvg45o5lbaufbtub5k3mrcika",
            "default_swift_compartment_id": "ocid1.tenancy.oc1..aaaaaaaajznex5attydtrmrgudwayqu7kn4krasw2ct4h4pwz7nwbfxoyd4q",
            "id": "2021-06-09 19:23:12.197138085 +0000 UTC",
            "namespace": "ociobenablement"
          },
          "sensitive_attributes": []
        }
      ]
    },
    {
      "mode": "managed",
      "type": "oci_core_dhcp_options",
      "name": "datas_dhcpOptions1",
      "provider": "provider[\"registry.terraform.io/hashicorp/oci\"]",
      "instances": [
        {
          "schema_version": 0,
          "attributes": {
            "compartment_id": "ocid1.compartment.oc1..aaaaaaaacrwyqytswze7bdtkh2hex7wylahjvg45o5lbaufbtub5k3mrcika",
            "defined_tags": {
              "Oracle-Tags.CreatedBy": "identitycloudservice/ajay.k.kulkarni@oracle.com",
              "Oracle-Tags.CreatedOn": "2021-06-09T18:20:24.610Z",
              "ops.CreatedBy": "identitycloudservice/ajay.k.kulkarni@oracle.com",
              "ops.CreationDate": "2021-06-09T18:20:24.610Z"
            },
            "display_name": "datas_dhcpOptions1",
            "freeform_tags": {},
            "id": "ocid1.dhcpoptions.oc1.iad.aaaaaaaa673z5g7j5jg42zc6bvpjvrgnwuetutq3zrekluqnmo6ltflkkega",
            "options": [
              {
                "custom_dns_servers": [],
                "search_domain_names": [
                  "foggykitchen.com"
                ],
                "server_type": "",
                "type": "SearchDomain"
              },
              {
                "custom_dns_servers": [],
                "search_domain_names": [],
                "server_type": "VcnLocalPlusInternet",
                "type": "DomainNameServer"
              }
            ],
            "state": "AVAILABLE",
            "time_created": "2021-06-09 18:20:24.623 +0000 UTC",
            "timeouts": null,
            "vcn_id": "ocid1.vcn.oc1.iad.amaaaaaanlc5nbyas2b7mxqswlbcjjzsm37po4acwvecsojeuiutu5faec3q"
          },
          "sensitive_attributes": [],
          "private": "eyJlMmJmYjczMC1lY2FhLTExZTYtOGY4OC0zNDM2M2JjN2M0YzAiOnsiY3JlYXRlIjoxMjAwMDAwMDAwMDAwLCJkZWxldGUiOjEyMDAwMDAwMDAwMDAsInVwZGF0ZSI6MTIwMDAwMDAwMDAwMH19",
          "dependencies": [
            "oci_core_vcn.datas_vcn"
          ]
        }
      ]
    },
    {
      "mode": "managed",
      "type": "oci_core_instance",
      "name": "datas_instance1",
      "provider": "provider[\"registry.terraform.io/hashicorp/oci\"]",
      "instances": [
        {
          "schema_version": 0,
          "attributes": {
            "agent_config": [
              {
                "are_all_plugins_disabled": false,
                "is_management_disabled": false,
                "is_monitoring_disabled": false,
                "plugins_config": []
              }
            ],
            "availability_config": [
              {
                "is_live_migration_preferred": false,
                "recovery_action": "RESTORE_INSTANCE"
              }
            ],
            "availability_domain": "GrCh:US-ASHBURN-AD-2",
            "boot_volume_id": "ocid1.bootvolume.oc1.iad.abuwcljrrkhtabubtaygbgzy6d5wqekgzhg5agqxnhpvr5lgvffgbut7l3qq",
            "capacity_reservation_id": null,
            "compartment_id": "ocid1.compartment.oc1..aaaaaaaacrwyqytswze7bdtkh2hex7wylahjvg45o5lbaufbtub5k3mrcika",
            "create_vnic_details": [
              {
                "assign_private_dns_record": false,
                "assign_public_ip": "true",
                "defined_tags": {
                  "Oracle-Tags.CreatedBy": "identitycloudservice/ajay.k.kulkarni@oracle.com",
                  "Oracle-Tags.CreatedOn": "2021-06-09T19:23:20.049Z",
                  "ops.CreatedBy": "identitycloudservice/ajay.k.kulkarni@oracle.com",
                  "ops.CreationDate": "2021-06-09T19:23:20.049Z"
                },
                "display_name": "datasience",
                "freeform_tags": {},
                "hostname_label": "",
                "nsg_ids": null,
                "private_ip": "10.0.1.204",
                "skip_source_dest_check": false,
                "subnet_id": "ocid1.subnet.oc1.iad.aaaaaaaahy34ummszghz5fkeowrptc57aumq3tptglknwxr6z4l4g6nzultq",
                "vlan_id": ""
              }
            ],
            "dedicated_vm_host_id": null,
            "defined_tags": {
              "Oracle-Tags.CreatedBy": "identitycloudservice/ajay.k.kulkarni@oracle.com",
              "Oracle-Tags.CreatedOn": "2021-06-09T19:23:19.812Z",
              "ops.CreatedBy": "identitycloudservice/ajay.k.kulkarni@oracle.com",
              "ops.CreationDate": "2021-06-09T19:23:19.811Z"
            },
            "display_name": "datasience",
            "extended_metadata": null,
            "fault_domain": "FAULT-DOMAIN-1",
            "freeform_tags": {},
            "hostname_label": "",
            "id": "ocid1.instance.oc1.iad.anuwcljrnlc5nbycslrjihdtumw7xhzjxs36ui4we4mdajyr4yf6ejvpfksq",
            "image": "ocid1.image.oc1.iad.aaaaaaaaw2wavtqrd3ynbrzabcnrs77pinccp55j2gqitjrrj2vf65sqj5kq",
            "instance_options": [
              {
                "are_legacy_imds_endpoints_disabled": false
              }
            ],
            "ipxe_script": null,
            "is_pv_encryption_in_transit_enabled": null,
            "launch_mode": "PARAVIRTUALIZED",
            "launch_options": [
              {
                "boot_volume_type": "PARAVIRTUALIZED",
                "firmware": "UEFI_64",
                "is_consistent_volume_naming_enabled": true,
                "is_pv_encryption_in_transit_enabled": false,
                "network_type": "PARAVIRTUALIZED",
                "remote_data_volume_type": "PARAVIRTUALIZED"
              }
            ],
            "metadata": {
              "ssh_authorized_keys": "ssh-rsa AAAAB3NzaC1yc2EAAAADAQABAAABAQDRqWNOiE2D8gI5HO9+M3UjL2WzIQPCYj875/Iz6YZyrIGFQ0hd9wykJVE80hCOG7t1fdQhuYkeLSPgn+8AV4hLS8yLr+54E90GKiNDBoPCO15ySZ2OUL6UrJFrmoBCNigRhrKsV2iCu25lVWwdOgPqFyA+BJafIZ8xxOtinc41/40msfs6JiImSGET212m/1AAHsrpwNboi5Wh/D+MZBCunPakHKX8nO7IUdsmjv/dGM12FjIm2a2fA1/kDexQ9C3MCjDkB+GiTEyzLqnhujKQ6fBd7zHyvfIObKVpf/dbvhWMk6EyFZfVur6wVHzP9Af4E247e6yiQ10PIUdS4+wt opc@trfmlin1\n"
            },
            "platform_config": [],
            "preemptible_instance_config": [],
            "preserve_boot_volume": null,
            "private_ip": "10.0.1.204",
            "public_ip": "129.213.20.218",
            "region": "iad",
            "shape": "VM.Standard.E2.2",
            "shape_config": [
              {
                "baseline_ocpu_utilization": "",
                "gpu_description": "",
                "gpus": 0,
                "local_disk_description": "",
                "local_disks": 0,
                "local_disks_total_size_in_gbs": 0,
                "max_vnic_attachments": 2,
                "memory_in_gbs": 16,
                "networking_bandwidth_in_gbps": 1.399999976158142,
                "ocpus": 2,
                "processor_description": "2.0 GHz AMD EPYC™ 7551 (Naples)"
              }
            ],
            "source_details": [
              {
                "boot_volume_size_in_gbs": "47",
                "kms_key_id": "",
                "source_id": "ocid1.image.oc1.iad.aaaaaaaaw2wavtqrd3ynbrzabcnrs77pinccp55j2gqitjrrj2vf65sqj5kq",
                "source_type": "image"
              }
            ],
            "state": "RUNNING",
            "subnet_id": "ocid1.subnet.oc1.iad.aaaaaaaahy34ummszghz5fkeowrptc57aumq3tptglknwxr6z4l4g6nzultq",
            "system_tags": {},
            "time_created": "2021-06-09 19:23:20.339 +0000 UTC",
            "time_maintenance_reboot_due": "",
            "timeouts": null
          },
          "sensitive_attributes": [],
          "private": "eyJlMmJmYjczMC1lY2FhLTExZTYtOGY4OC0zNDM2M2JjN2M0YzAiOnsiY3JlYXRlIjoyNzAwMDAwMDAwMDAwLCJkZWxldGUiOjQ1MDAwMDAwMDAwMDAsInVwZGF0ZSI6MjcwMDAwMDAwMDAwMH19",
          "dependencies": [
            "oci_core_dhcp_options.datas_dhcpOptions1",
            "oci_core_route_table.datas_routetable_viaIGW",
            "oci_core_security_list.datas_securitylist",
            "oci_core_subnet.datas_subnet",
            "oci_core_vcn.datas_vcn"
          ]
        }
      ]
    },
    {
      "mode": "managed",
      "type": "oci_core_instance",
      "name": "datas_instance2",
      "provider": "provider[\"registry.terraform.io/hashicorp/oci\"]",
      "instances": [
        {
          "schema_version": 0,
          "attributes": {
            "agent_config": [
              {
                "are_all_plugins_disabled": false,
                "is_management_disabled": false,
                "is_monitoring_disabled": false,
                "plugins_config": []
              }
            ],
            "availability_config": [
              {
                "is_live_migration_preferred": false,
                "recovery_action": "RESTORE_INSTANCE"
              }
            ],
            "availability_domain": "GrCh:US-ASHBURN-AD-2",
            "boot_volume_id": "ocid1.bootvolume.oc1.iad.abuwcljrnwspkichtttc2g3vkri7bulgwmmtchtsur7hiet6fnuigb3zo4aq",
            "capacity_reservation_id": null,
            "compartment_id": "ocid1.compartment.oc1..aaaaaaaacrwyqytswze7bdtkh2hex7wylahjvg45o5lbaufbtub5k3mrcika",
            "create_vnic_details": [
              {
                "assign_private_dns_record": false,
                "assign_public_ip": "true",
                "defined_tags": {
                  "Oracle-Tags.CreatedBy": "identitycloudservice/ajay.k.kulkarni@oracle.com",
                  "Oracle-Tags.CreatedOn": "2021-06-09T19:23:20.553Z",
                  "ops.CreatedBy": "identitycloudservice/ajay.k.kulkarni@oracle.com",
                  "ops.CreationDate": "2021-06-09T19:23:20.553Z"
                },
                "display_name": "datasience",
                "freeform_tags": {},
                "hostname_label": "",
                "nsg_ids": null,
                "private_ip": "10.0.1.205",
                "skip_source_dest_check": false,
                "subnet_id": "ocid1.subnet.oc1.iad.aaaaaaaahy34ummszghz5fkeowrptc57aumq3tptglknwxr6z4l4g6nzultq",
                "vlan_id": ""
              }
            ],
            "dedicated_vm_host_id": null,
            "defined_tags": {
              "Oracle-Tags.CreatedBy": "identitycloudservice/ajay.k.kulkarni@oracle.com",
              "Oracle-Tags.CreatedOn": "2021-06-09T19:23:20.022Z",
              "ops.CreatedBy": "identitycloudservice/ajay.k.kulkarni@oracle.com",
              "ops.CreationDate": "2021-06-09T19:23:20.022Z"
            },
            "display_name": "datasience",
            "extended_metadata": null,
            "fault_domain": "FAULT-DOMAIN-2",
            "freeform_tags": {},
            "hostname_label": "",
            "id": "ocid1.instance.oc1.iad.anuwcljrnlc5nbycgkqnf3dvbgusfnxmqyeg24woqwohiglzurdx5atqfaoa",
            "image": "ocid1.image.oc1.iad.aaaaaaaaw2wavtqrd3ynbrzabcnrs77pinccp55j2gqitjrrj2vf65sqj5kq",
            "instance_options": [
              {
                "are_legacy_imds_endpoints_disabled": false
              }
            ],
            "ipxe_script": null,
            "is_pv_encryption_in_transit_enabled": null,
            "launch_mode": "PARAVIRTUALIZED",
            "launch_options": [
              {
                "boot_volume_type": "PARAVIRTUALIZED",
                "firmware": "UEFI_64",
                "is_consistent_volume_naming_enabled": true,
                "is_pv_encryption_in_transit_enabled": false,
                "network_type": "PARAVIRTUALIZED",
                "remote_data_volume_type": "PARAVIRTUALIZED"
              }
            ],
            "metadata": {
              "ssh_authorized_keys": "ssh-rsa AAAAB3NzaC1yc2EAAAADAQABAAABAQDRqWNOiE2D8gI5HO9+M3UjL2WzIQPCYj875/Iz6YZyrIGFQ0hd9wykJVE80hCOG7t1fdQhuYkeLSPgn+8AV4hLS8yLr+54E90GKiNDBoPCO15ySZ2OUL6UrJFrmoBCNigRhrKsV2iCu25lVWwdOgPqFyA+BJafIZ8xxOtinc41/40msfs6JiImSGET212m/1AAHsrpwNboi5Wh/D+MZBCunPakHKX8nO7IUdsmjv/dGM12FjIm2a2fA1/kDexQ9C3MCjDkB+GiTEyzLqnhujKQ6fBd7zHyvfIObKVpf/dbvhWMk6EyFZfVur6wVHzP9Af4E247e6yiQ10PIUdS4+wt opc@trfmlin1\n"
            },
            "platform_config": [],
            "preemptible_instance_config": [],
            "preserve_boot_volume": null,
            "private_ip": "10.0.1.205",
            "public_ip": "132.145.182.113",
            "region": "iad",
            "shape": "VM.Standard.E2.2",
            "shape_config": [
              {
                "baseline_ocpu_utilization": "",
                "gpu_description": "",
                "gpus": 0,
                "local_disk_description": "",
                "local_disks": 0,
                "local_disks_total_size_in_gbs": 0,
                "max_vnic_attachments": 2,
                "memory_in_gbs": 16,
                "networking_bandwidth_in_gbps": 1.399999976158142,
                "ocpus": 2,
                "processor_description": "2.0 GHz AMD EPYC™ 7551 (Naples)"
              }
            ],
            "source_details": [
              {
                "boot_volume_size_in_gbs": "47",
                "kms_key_id": "",
                "source_id": "ocid1.image.oc1.iad.aaaaaaaaw2wavtqrd3ynbrzabcnrs77pinccp55j2gqitjrrj2vf65sqj5kq",
                "source_type": "image"
              }
            ],
            "state": "RUNNING",
            "subnet_id": "ocid1.subnet.oc1.iad.aaaaaaaahy34ummszghz5fkeowrptc57aumq3tptglknwxr6z4l4g6nzultq",
            "system_tags": {},
            "time_created": "2021-06-09 19:23:20.828 +0000 UTC",
            "time_maintenance_reboot_due": "",
            "timeouts": null
          },
          "sensitive_attributes": [],
          "private": "eyJlMmJmYjczMC1lY2FhLTExZTYtOGY4OC0zNDM2M2JjN2M0YzAiOnsiY3JlYXRlIjoyNzAwMDAwMDAwMDAwLCJkZWxldGUiOjQ1MDAwMDAwMDAwMDAsInVwZGF0ZSI6MjcwMDAwMDAwMDAwMH19",
          "dependencies": [
            "oci_core_dhcp_options.datas_dhcpOptions1",
            "oci_core_route_table.datas_routetable_viaIGW",
            "oci_core_security_list.datas_securitylist",
            "oci_core_subnet.datas_subnet",
            "oci_core_vcn.datas_vcn"
          ]
        }
      ]
    },
    {
      "mode": "managed",
      "type": "oci_core_internet_gateway",
      "name": "datas_internetgateway",
      "provider": "provider[\"registry.terraform.io/hashicorp/oci\"]",
      "instances": [
        {
          "schema_version": 0,
          "attributes": {
            "compartment_id": "ocid1.compartment.oc1..aaaaaaaacrwyqytswze7bdtkh2hex7wylahjvg45o5lbaufbtub5k3mrcika",
            "defined_tags": {
              "Oracle-Tags.CreatedBy": "identitycloudservice/ajay.k.kulkarni@oracle.com",
              "Oracle-Tags.CreatedOn": "2021-06-09T17:41:29.385Z",
              "ops.CreatedBy": "identitycloudservice/ajay.k.kulkarni@oracle.com",
              "ops.CreationDate": "2021-06-09T17:41:29.385Z"
            },
            "display_name": "datas InternetGateway",
            "enabled": true,
            "freeform_tags": {},
            "id": "ocid1.internetgateway.oc1.iad.aaaaaaaah3hkyswpkmb4xzpirgrtdab3gs664s3dtc2tiddjskssqavdrcya",
            "state": "AVAILABLE",
            "time_created": "2021-06-09 17:41:29.411 +0000 UTC",
            "timeouts": null,
            "vcn_id": "ocid1.vcn.oc1.iad.amaaaaaanlc5nbyas2b7mxqswlbcjjzsm37po4acwvecsojeuiutu5faec3q"
          },
          "sensitive_attributes": [],
          "private": "eyJlMmJmYjczMC1lY2FhLTExZTYtOGY4OC0zNDM2M2JjN2M0YzAiOnsiY3JlYXRlIjoxMjAwMDAwMDAwMDAwLCJkZWxldGUiOjEyMDAwMDAwMDAwMDAsInVwZGF0ZSI6MTIwMDAwMDAwMDAwMH19",
          "dependencies": [
            "oci_core_vcn.datas_vcn"
          ]
        }
      ]
    },
    {
      "mode": "managed",
      "type": "oci_core_route_table",
      "name": "datas_routetable_viaIGW",
      "provider": "provider[\"registry.terraform.io/hashicorp/oci\"]",
      "instances": [
        {
          "schema_version": 0,
          "attributes": {
            "compartment_id": "ocid1.compartment.oc1..aaaaaaaacrwyqytswze7bdtkh2hex7wylahjvg45o5lbaufbtub5k3mrcika",
            "defined_tags": {
              "Oracle-Tags.CreatedBy": "identitycloudservice/ajay.k.kulkarni@oracle.com",
              "Oracle-Tags.CreatedOn": "2021-06-09T17:41:29.836Z",
              "ops.CreatedBy": "identitycloudservice/ajay.k.kulkarni@oracle.com",
              "ops.CreationDate": "2021-06-09T17:41:29.836Z"
            },
            "display_name": "datas_routetable_viaIGW",
            "freeform_tags": {},
            "id": "ocid1.routetable.oc1.iad.aaaaaaaaltctjjkr5mopwl5ete5dylmuvh7hhjoq6myazrlezyyaz75sgh2q",
            "route_rules": [
              {
                "cidr_block": "",
                "description": "",
                "destination": "0.0.0.0/0",
                "destination_type": "CIDR_BLOCK",
                "network_entity_id": "ocid1.internetgateway.oc1.iad.aaaaaaaah3hkyswpkmb4xzpirgrtdab3gs664s3dtc2tiddjskssqavdrcya"
              }
            ],
            "state": "AVAILABLE",
            "time_created": "2021-06-09 17:41:29.864 +0000 UTC",
            "timeouts": null,
            "vcn_id": "ocid1.vcn.oc1.iad.amaaaaaanlc5nbyas2b7mxqswlbcjjzsm37po4acwvecsojeuiutu5faec3q"
          },
          "sensitive_attributes": [],
          "private": "eyJlMmJmYjczMC1lY2FhLTExZTYtOGY4OC0zNDM2M2JjN2M0YzAiOnsiY3JlYXRlIjoxMjAwMDAwMDAwMDAwLCJkZWxldGUiOjEyMDAwMDAwMDAwMDAsInVwZGF0ZSI6MTIwMDAwMDAwMDAwMH19",
          "dependencies": [
            "oci_core_vcn.datas_vcn",
            "oci_core_internet_gateway.datas_internetgateway"
          ]
        }
      ]
    },
    {
      "mode": "managed",
      "type": "oci_core_security_list",
      "name": "datas_securitylist",
      "provider": "provider[\"registry.terraform.io/hashicorp/oci\"]",
      "instances": [
        {
          "schema_version": 0,
          "attributes": {
            "compartment_id": "ocid1.compartment.oc1..aaaaaaaacrwyqytswze7bdtkh2hex7wylahjvg45o5lbaufbtub5k3mrcika",
            "defined_tags": {
              "Oracle-Tags.CreatedBy": "identitycloudservice/ajay.k.kulkarni@oracle.com",
              "Oracle-Tags.CreatedOn": "2021-06-09T17:41:29.382Z",
              "ops.CreatedBy": "identitycloudservice/ajay.k.kulkarni@oracle.com",
              "ops.CreationDate": "2021-06-09T17:41:29.381Z"
            },
            "display_name": "datas_securitylist",
            "egress_security_rules": [
              {
                "description": "",
                "destination": "0.0.0.0/0",
                "destination_type": "CIDR_BLOCK",
                "icmp_options": [],
                "protocol": "6",
                "stateless": false,
                "tcp_options": [],
                "udp_options": []
              }
            ],
            "freeform_tags": {},
            "id": "ocid1.securitylist.oc1.iad.aaaaaaaa3jmzgzjvzmsicwqaqrzogt46oss4tj7hklhjktmhctchrc2lzjhq",
            "ingress_security_rules": [
              {
                "description": "",
                "icmp_options": [],
                "protocol": "6",
                "source": "0.0.0.0/0",
                "source_type": "CIDR_BLOCK",
                "stateless": false,
                "tcp_options": [
                  {
                    "max": 22,
                    "min": 22,
                    "source_port_range": []
                  }
                ],
                "udp_options": []
              },
              {
                "description": "",
                "icmp_options": [],
                "protocol": "6",
                "source": "0.0.0.0/0",
                "source_type": "CIDR_BLOCK",
                "stateless": false,
                "tcp_options": [
                  {
                    "max": 443,
                    "min": 443,
                    "source_port_range": []
                  }
                ],
                "udp_options": []
              },
              {
                "description": "",
                "icmp_options": [],
                "protocol": "6",
                "source": "0.0.0.0/0",
                "source_type": "CIDR_BLOCK",
                "stateless": false,
                "tcp_options": [
                  {
                    "max": 80,
                    "min": 80,
                    "source_port_range": []
                  }
                ],
                "udp_options": []
              }
            ],
            "state": "AVAILABLE",
            "time_created": "2021-06-09 17:41:29.428 +0000 UTC",
            "timeouts": null,
            "vcn_id": "ocid1.vcn.oc1.iad.amaaaaaanlc5nbyas2b7mxqswlbcjjzsm37po4acwvecsojeuiutu5faec3q"
          },
          "sensitive_attributes": [],
          "private": "eyJlMmJmYjczMC1lY2FhLTExZTYtOGY4OC0zNDM2M2JjN2M0YzAiOnsiY3JlYXRlIjoxMjAwMDAwMDAwMDAwLCJkZWxldGUiOjEyMDAwMDAwMDAwMDAsInVwZGF0ZSI6MTIwMDAwMDAwMDAwMH19",
          "dependencies": [
            "oci_core_vcn.datas_vcn"
          ]
        }
      ]
    },
    {
      "mode": "managed",
      "type": "oci_core_subnet",
      "name": "datas_subnet",
      "provider": "provider[\"registry.terraform.io/hashicorp/oci\"]",
      "instances": [
        {
          "schema_version": 0,
          "attributes": {
            "availability_domain": null,
            "cidr_block": "10.0.1.0/24",
            "compartment_id": "ocid1.compartment.oc1..aaaaaaaacrwyqytswze7bdtkh2hex7wylahjvg45o5lbaufbtub5k3mrcika",
            "defined_tags": {
              "Oracle-Tags.CreatedBy": "identitycloudservice/ajay.k.kulkarni@oracle.com",
              "Oracle-Tags.CreatedOn": "2021-06-09T19:23:17.852Z",
              "ops.CreatedBy": "identitycloudservice/ajay.k.kulkarni@oracle.com",
              "ops.CreationDate": "2021-06-09T19:23:17.852Z"
            },
            "dhcp_options_id": "ocid1.dhcpoptions.oc1.iad.aaaaaaaa673z5g7j5jg42zc6bvpjvrgnwuetutq3zrekluqnmo6ltflkkega",
            "display_name": "datas_subnet",
            "dns_label": null,
            "freeform_tags": {},
            "id": "ocid1.subnet.oc1.iad.aaaaaaaahy34ummszghz5fkeowrptc57aumq3tptglknwxr6z4l4g6nzultq",
            "ipv6cidr_block": null,
            "ipv6virtual_router_ip": null,
            "prohibit_internet_ingress": false,
            "prohibit_public_ip_on_vnic": false,
            "route_table_id": "ocid1.routetable.oc1.iad.aaaaaaaaltctjjkr5mopwl5ete5dylmuvh7hhjoq6myazrlezyyaz75sgh2q",
            "security_list_ids": [
              "ocid1.securitylist.oc1.iad.aaaaaaaa3jmzgzjvzmsicwqaqrzogt46oss4tj7hklhjktmhctchrc2lzjhq"
            ],
            "state": "AVAILABLE",
            "subnet_domain_name": null,
            "time_created": "2021-06-09 19:23:17.908 +0000 UTC",
            "timeouts": null,
            "vcn_id": "ocid1.vcn.oc1.iad.amaaaaaanlc5nbyas2b7mxqswlbcjjzsm37po4acwvecsojeuiutu5faec3q",
            "virtual_router_ip": "10.0.1.1",
            "virtual_router_mac": "00:00:17:F4:5A:A0"
          },
          "sensitive_attributes": [],
          "private": "eyJlMmJmYjczMC1lY2FhLTExZTYtOGY4OC0zNDM2M2JjN2M0YzAiOnsiY3JlYXRlIjoxMjAwMDAwMDAwMDAwLCJkZWxldGUiOjEyMDAwMDAwMDAwMDAsInVwZGF0ZSI6MTIwMDAwMDAwMDAwMH19",
          "dependencies": [
            "oci_core_dhcp_options.datas_dhcpOptions1",
            "oci_core_route_table.datas_routetable_viaIGW",
            "oci_core_security_list.datas_securitylist",
            "oci_core_vcn.datas_vcn"
          ]
        }
      ]
    },
    {
      "mode": "managed",
      "type": "oci_core_vcn",
      "name": "datas_vcn",
      "provider": "provider[\"registry.terraform.io/hashicorp/oci\"]",
      "instances": [
        {
          "schema_version": 0,
          "attributes": {
            "cidr_block": "10.0.0.0/16",
            "cidr_blocks": [
              "10.0.0.0/16"
            ],
            "compartment_id": "ocid1.compartment.oc1..aaaaaaaacrwyqytswze7bdtkh2hex7wylahjvg45o5lbaufbtub5k3mrcika",
            "default_dhcp_options_id": "ocid1.dhcpoptions.oc1.iad.aaaaaaaakrcqlw3fvs3fj745d5dv3orec4lfylyrpr3rpv4yhsyyukpmkwuq",
            "default_route_table_id": "ocid1.routetable.oc1.iad.aaaaaaaaawtgjlc7xyofffrorfwfzbxhnsqypmg4jjjnoh4y4xdjmjh77zpq",
            "default_security_list_id": "ocid1.securitylist.oc1.iad.aaaaaaaajeoyf7l56gctmypnfdoxlh2bz7kvzsy7hcmchpfqcsli3z3h4plq",
            "defined_tags": {
              "Oracle-Tags.CreatedBy": "identitycloudservice/ajay.k.kulkarni@oracle.com",
              "Oracle-Tags.CreatedOn": "2021-06-09T17:41:28.723Z",
              "ops.CreatedBy": "identitycloudservice/ajay.k.kulkarni@oracle.com",
              "ops.CreationDate": "2021-06-09T17:41:28.723Z"
            },
            "display_name": "vcn20210609174128",
            "dns_label": null,
            "freeform_tags": {},
            "id": "ocid1.vcn.oc1.iad.amaaaaaanlc5nbyas2b7mxqswlbcjjzsm37po4acwvecsojeuiutu5faec3q",
            "ipv6cidr_blocks": [],
            "is_ipv6enabled": false,
            "state": "AVAILABLE",
            "time_created": "2021-06-09 17:41:28.728 +0000 UTC",
            "timeouts": null,
            "vcn_domain_name": null
          },
          "sensitive_attributes": [],
          "private": "eyJlMmJmYjczMC1lY2FhLTExZTYtOGY4OC0zNDM2M2JjN2M0YzAiOnsiY3JlYXRlIjoxMjAwMDAwMDAwMDAwLCJkZWxldGUiOjEyMDAwMDAwMDAwMDAsInVwZGF0ZSI6MTIwMDAwMDAwMDAwMH19"
        }
      ]
    },
    {
      "mode": "managed",
      "type": "oci_database_autonomous_database",
      "name": "ds_autonomous_db",
      "provider": "provider[\"registry.terraform.io/hashicorp/oci\"]",
      "instances": [
        {
          "schema_version": 0,
          "attributes": {
            "admin_password": "C0nstellat10n",
            "apex_details": [
              {
                "apex_version": "20.2.0.00.20",
                "ords_version": "21.1.1.116.2032"
              }
            ],
            "are_primary_whitelisted_ips_used": null,
            "autonomous_container_database_id": null,
            "autonomous_database_backup_id": null,
            "autonomous_database_id": null,
            "available_upgrade_versions": [],
            "backup_config": [
              {
                "manual_backup_bucket_name": "",
                "manual_backup_type": "NONE"
              }
            ],
            "clone_type": null,
            "compartment_id": "ocid1.compartment.oc1..aaaaaaaacrwyqytswze7bdtkh2hex7wylahjvg45o5lbaufbtub5k3mrcika",
            "connection_strings": [
              {
                "all_connection_strings": {
                  "HIGH": "adb.us-ashburn-1.oraclecloud.com:1522/bfgordhap4hznle_datasciencedb_high.adb.oraclecloud.com",
                  "LOW": "adb.us-ashburn-1.oraclecloud.com:1522/bfgordhap4hznle_datasciencedb_low.adb.oraclecloud.com",
                  "MEDIUM": "adb.us-ashburn-1.oraclecloud.com:1522/bfgordhap4hznle_datasciencedb_medium.adb.oraclecloud.com"
                },
                "dedicated": "",
                "high": "adb.us-ashburn-1.oraclecloud.com:1522/bfgordhap4hznle_datasciencedb_high.adb.oraclecloud.com",
                "low": "adb.us-ashburn-1.oraclecloud.com:1522/bfgordhap4hznle_datasciencedb_low.adb.oraclecloud.com",
                "medium": "adb.us-ashburn-1.oraclecloud.com:1522/bfgordhap4hznle_datasciencedb_medium.adb.oraclecloud.com"
              }
            ],
            "connection_urls": [
              {
                "apex_url": "https://BFGORDHAP4HZNLE-DATASCIENCEDB.adb.us-ashburn-1.oraclecloudapps.com/ords/apex",
                "graph_studio_url": "https://BFGORDHAP4HZNLE-DATASCIENCEDB.adb.us-ashburn-1.oraclecloudapps.com/graphstudio/",
                "machine_learning_user_management_url": "https://adb.us-ashburn-1.oraclecloud.com/omlusers/tenants/OCID1.TENANCY.OC1..AAAAAAAAJZNEX5ATTYDTRMRGUDWAYQU7KN4KRASW2CT4H4PWZ7NWBFXOYD4Q/databases/DATASCIENCEDB/index.html",
                "sql_dev_web_url": "https://BFGORDHAP4HZNLE-DATASCIENCEDB.adb.us-ashburn-1.oraclecloudapps.com/ords/sql-developer"
              }
            ],
            "cpu_core_count": 1,
            "customer_contacts": [],
            "data_safe_status": "NOT_REGISTERED",
            "data_storage_size_in_gb": 1024,
            "data_storage_size_in_tbs": 1,
            "db_name": "DataSciencedb",
            "db_version": "19c",
            "db_workload": "DW",
            "defined_tags": {
              "Oracle-Tags.CreatedBy": "identitycloudservice/ajay.k.kulkarni@oracle.com",
              "Oracle-Tags.CreatedOn": "2021-06-09T17:41:29.227Z",
              "ops.CreatedBy": "identitycloudservice/ajay.k.kulkarni@oracle.com",
              "ops.CreationDate": "2021-06-09T17:41:29.227Z"
            },
            "display_name": "DataScience ADW DB",
            "failed_data_recovery_in_seconds": null,
            "freeform_tags": {},
            "id": "ocid1.autonomousdatabase.oc1.iad.abuwcljrrwyg6fmazt7hiwhil2i6bfvbjvnl4lkehxdolkzh5m4iad34qskq",
            "infrastructure_type": "",
            "is_access_control_enabled": null,
            "is_auto_scaling_enabled": false,
            "is_data_guard_enabled": false,
            "is_dedicated": false,
            "is_free_tier": false,
            "is_preview": false,
            "is_preview_version_with_service_terms_accepted": null,
            "is_refreshable_clone": null,
            "key_history_entry": [
              {
                "id": "ORACLE_MANAGED_KEY",
                "time_activated": "2021-06-09 17:42:43.065 +0000 UTC",
                "vault_id": ""
              }
            ],
            "key_store_id": null,
            "key_store_wallet_name": null,
            "kms_key_id": "ORACLE_MANAGED_KEY",
            "kms_key_lifecycle_details": null,
            "license_model": "BRING_YOUR_OWN_LICENSE",
            "lifecycle_details": null,
            "nsg_ids": [],
            "open_mode": "READ_WRITE",
            "operations_insights_status": "NOT_ENABLED",
            "permission_level": "UNRESTRICTED",
            "private_endpoint": null,
            "private_endpoint_ip": null,
            "private_endpoint_label": null,
            "refreshable_mode": null,
            "refreshable_status": "",
            "role": "",
            "rotate_key_trigger": null,
            "service_console_url": "https://adb.us-ashburn-1.oraclecloud.com/console/index.html?tenant_name=OCID1.TENANCY.OC1..AAAAAAAAJZNEX5ATTYDTRMRGUDWAYQU7KN4KRASW2CT4H4PWZ7NWBFXOYD4Q\u0026database_name=DATASCIENCEDB\u0026service_type=ADW",
            "source": null,
            "source_id": null,
            "standby_db": [],
            "standby_whitelisted_ips": [],
            "state": "AVAILABLE",
            "subnet_id": null,
            "switchover_to": null,
            "system_tags": {},
            "time_created": "2021-06-09 17:41:29.232 +0000 UTC",
            "time_deletion_of_free_autonomous_database": null,
            "time_maintenance_begin": "2021-06-13 16:00:00 +0000 UTC",
            "time_maintenance_end": "2021-06-13 20:00:00 +0000 UTC",
            "time_of_last_failover": null,
            "time_of_last_refresh": null,
            "time_of_last_refresh_point": null,
            "time_of_last_switchover": null,
            "time_of_next_refresh": null,
            "time_reclamation_of_free_autonomous_database": null,
            "timeouts": null,
            "timestamp": null,
            "used_data_storage_size_in_tbs": 1,
            "vault_id": null,
            "whitelisted_ips": [
              ""
            ]
          },
          "sensitive_attributes": [],
          "private": "eyJlMmJmYjczMC1lY2FhLTExZTYtOGY4OC0zNDM2M2JjN2M0YzAiOnsiY3JlYXRlIjo0MzIwMDAwMDAwMDAwMCwiZGVsZXRlIjo0MzIwMDAwMDAwMDAwMCwidXBkYXRlIjo0MzIwMDAwMDAwMDAwMH19"
        }
      ]
    },
    {
      "mode": "managed",
      "type": "oci_datacatalog_catalog",
      "name": "ds_data_catalog",
      "provider": "provider[\"registry.terraform.io/hashicorp/oci\"]",
      "instances": [
        {
          "schema_version": 0,
          "attributes": {
            "attached_catalog_private_endpoints": [],
            "compartment_id": "ocid1.compartment.oc1..aaaaaaaacrwyqytswze7bdtkh2hex7wylahjvg45o5lbaufbtub5k3mrcika",
            "defined_tags": {
              "Oracle-Tags.CreatedBy": "identitycloudservice/ajay.k.kulkarni@oracle.com",
              "Oracle-Tags.CreatedOn": "2021-06-09T17:41:28.487Z",
              "ops.CreatedBy": "identitycloudservice/ajay.k.kulkarni@oracle.com",
              "ops.CreationDate": "2021-06-09T17:41:28.487Z"
            },
            "display_name": "DS_DataCatalog",
            "freeform_tags": {},
            "id": "ocid1.datacatalog.oc1.iad.aaaaaaaamyindbqilpsahl3hababicfkzmpjppz2jguc4kkimnwmpnqjhoaq",
            "lifecycle_details": "Catalog Created",
            "number_of_objects": 0,
            "service_api_url": "https://datacatalog.us-ashburn-1.oci.oraclecloud.com/20190325/catalogs/ocid1.datacatalog.oc1.iad.aaaaaaaamyindbqilpsahl3hababicfkzmpjppz2jguc4kkimnwmpnqjhoaq",
            "service_console_url": "https://console.us-ashburn-1.oraclecloud.com/datacatalogexplorer/ocid1.datacatalog.oc1.iad.aaaaaaaamyindbqilpsahl3hababicfkzmpjppz2jguc4kkimnwmpnqjhoaq",
            "state": "ACTIVE",
            "time_created": "2021-06-09 17:41:28.749 +0000 UTC",
            "time_updated": "2021-06-09 17:41:28.749 +0000 UTC",
            "timeouts": null
          },
          "sensitive_attributes": [],
          "private": "eyJlMmJmYjczMC1lY2FhLTExZTYtOGY4OC0zNDM2M2JjN2M0YzAiOnsiY3JlYXRlIjoxMjAwMDAwMDAwMDAwLCJkZWxldGUiOjEyMDAwMDAwMDAwMDAsInVwZGF0ZSI6MTIwMDAwMDAwMDAwMH19"
        }
      ]
    },
    {
      "mode": "managed",
      "type": "oci_datascience_notebook_session",
      "name": "ds_notebook_session",
      "provider": "provider[\"registry.terraform.io/hashicorp/oci\"]",
      "instances": [
        {
          "schema_version": 0,
          "attributes": {
            "compartment_id": "ocid1.compartment.oc1..aaaaaaaacrwyqytswze7bdtkh2hex7wylahjvg45o5lbaufbtub5k3mrcika",
            "created_by": "ocid1.user.oc1..aaaaaaaap4dsjvf2pgf7mx3o65widgxqbyxtwdblanrfveaqag3ckjbsstsa",
            "defined_tags": {
              "Oracle-Tags.CreatedBy": "identitycloudservice/ajay.k.kulkarni@oracle.com",
              "Oracle-Tags.CreatedOn": "2021-06-09T19:23:19.451Z",
              "ops.CreatedBy": "identitycloudservice/ajay.k.kulkarni@oracle.com",
              "ops.CreationDate": "2021-06-09T19:23:19.451Z"
            },
            "display_name": "datasciencenotebooksession20210609192319",
            "freeform_tags": {},
            "id": "ocid1.datasciencenotebooksession.oc1.iad.amaaaaaanlc5nbyami5kqbgo2dedvazumszidq6dvkdocjlztkdromxmqgua",
            "lifecycle_details": null,
            "notebook_session_configuration_details": [
              {
                "block_storage_size_in_gbs": 1024,
                "notebook_session_shape_config_details": [],
                "shape": "VM.Standard.E2.2",
                "subnet_id": "ocid1.subnet.oc1.iad.aaaaaaaahy34ummszghz5fkeowrptc57aumq3tptglknwxr6z4l4g6nzultq"
              }
            ],
            "notebook_session_url": "https://cell-01.datascience.us-ashburn-1.oci.oraclecloud.com/ocid1.datasciencenotebooksession.oc1.iad.amaaaaaanlc5nbyami5kqbgo2dedvazumszidq6dvkdocjlztkdromxmqgua",
            "project_id": "ocid1.datascienceproject.oc1.iad.amaaaaaanlc5nbyads3phxjg63hopgpfjvo3j76a6hizeyy5qfupoldzk22a",
            "state": "ACTIVE",
            "time_created": "2021-06-09 19:23:19.751 +0000 UTC",
            "timeouts": null
          },
          "sensitive_attributes": [],
          "private": "eyJlMmJmYjczMC1lY2FhLTExZTYtOGY4OC0zNDM2M2JjN2M0YzAiOnsiY3JlYXRlIjoxMjAwMDAwMDAwMDAwLCJkZWxldGUiOjEyMDAwMDAwMDAwMDAsInVwZGF0ZSI6MTIwMDAwMDAwMDAwMH19",
          "dependencies": [
            "oci_core_dhcp_options.datas_dhcpOptions1",
            "oci_core_route_table.datas_routetable_viaIGW",
            "oci_core_security_list.datas_securitylist",
            "oci_core_subnet.datas_subnet",
            "oci_core_vcn.datas_vcn",
            "oci_datascience_project.ds_project"
          ]
        }
      ]
    },
    {
      "mode": "managed",
      "type": "oci_datascience_project",
      "name": "ds_project",
      "provider": "provider[\"registry.terraform.io/hashicorp/oci\"]",
      "instances": [
        {
          "schema_version": 0,
          "attributes": {
            "compartment_id": "ocid1.compartment.oc1..aaaaaaaacrwyqytswze7bdtkh2hex7wylahjvg45o5lbaufbtub5k3mrcika",
            "created_by": "ocid1.user.oc1..aaaaaaaap4dsjvf2pgf7mx3o65widgxqbyxtwdblanrfveaqag3ckjbsstsa",
            "defined_tags": {
              "Oracle-Tags.CreatedBy": "identitycloudservice/ajay.k.kulkarni@oracle.com",
              "Oracle-Tags.CreatedOn": "2021-06-09T17:41:28.474Z",
              "ops.CreatedBy": "identitycloudservice/ajay.k.kulkarni@oracle.com",
              "ops.CreationDate": "2021-06-09T17:41:28.474Z"
            },
            "description": null,
            "display_name": "MyDataScience1",
            "freeform_tags": {},
            "id": "ocid1.datascienceproject.oc1.iad.amaaaaaanlc5nbyads3phxjg63hopgpfjvo3j76a6hizeyy5qfupoldzk22a",
            "state": "ACTIVE",
            "time_created": "2021-06-09 17:41:28.838 +0000 UTC",
            "timeouts": null
          },
          "sensitive_attributes": [],
          "private": "eyJlMmJmYjczMC1lY2FhLTExZTYtOGY4OC0zNDM2M2JjN2M0YzAiOnsiY3JlYXRlIjoxMjAwMDAwMDAwMDAwLCJkZWxldGUiOjEyMDAwMDAwMDAwMDAsInVwZGF0ZSI6MTIwMDAwMDAwMDAwMH19"
        }
      ]
    },
    {
      "mode": "managed",
      "type": "oci_load_balancer",
      "name": "datas_lb1",
      "provider": "provider[\"registry.terraform.io/hashicorp/oci\"]",
      "instances": [
        {
          "schema_version": 0,
          "attributes": {
            "compartment_id": "ocid1.compartment.oc1..aaaaaaaacrwyqytswze7bdtkh2hex7wylahjvg45o5lbaufbtub5k3mrcika",
            "defined_tags": {
              "Oracle-Tags.CreatedBy": "identitycloudservice/ajay.k.kulkarni@oracle.com",
              "Oracle-Tags.CreatedOn": "2021-06-09T19:23:19.383Z",
              "ops.CreatedBy": "identitycloudservice/ajay.k.kulkarni@oracle.com",
              "ops.CreationDate": "2021-06-09T19:23:19.383Z"
            },
            "display_name": "DataScience LB",
            "freeform_tags": {},
            "id": "ocid1.loadbalancer.oc1.iad.aaaaaaaasj3xjexmqkmvudzlfu6lr5d3ulhj4efdg3phgyjs3f4s2xnr6nwq",
            "ip_address_details": [
              {
                "ip_address": "129.159.94.2",
                "is_public": true,
                "reserved_ip": []
              }
            ],
            "ip_addresses": [
              "129.159.94.2"
            ],
            "ip_mode": "IPV4",
            "is_private": false,
            "network_security_group_ids": null,
            "reserved_ips": [],
            "shape": "100Mbps",
            "shape_details": [],
            "state": "ACTIVE",
            "subnet_ids": [
              "ocid1.subnet.oc1.iad.aaaaaaaahy34ummszghz5fkeowrptc57aumq3tptglknwxr6z4l4g6nzultq"
            ],
            "system_tags": {},
            "time_created": "2021-06-09 19:23:19.718 +0000 UTC",
            "timeouts": null
          },
          "sensitive_attributes": [],
          "private": "eyJlMmJmYjczMC1lY2FhLTExZTYtOGY4OC0zNDM2M2JjN2M0YzAiOnsiY3JlYXRlIjoxMjAwMDAwMDAwMDAwLCJkZWxldGUiOjEyMDAwMDAwMDAwMDAsInVwZGF0ZSI6MTIwMDAwMDAwMDAwMH19",
          "dependencies": [
            "oci_core_dhcp_options.datas_dhcpOptions1",
            "oci_core_route_table.datas_routetable_viaIGW",
            "oci_core_security_list.datas_securitylist",
            "oci_core_subnet.datas_subnet",
            "oci_core_vcn.datas_vcn"
          ]
        }
      ]
    },
    {
      "mode": "managed",
      "type": "oci_load_balancer_backend",
      "name": "datas_lb1_Backend",
      "provider": "provider[\"registry.terraform.io/hashicorp/oci\"]",
      "instances": [
        {
          "schema_version": 0,
          "attributes": {
            "backendset_name": "datas_lb1_Backendset",
            "backup": false,
            "drain": false,
            "id": "loadBalancers/ocid1.loadbalancer.oc1.iad.aaaaaaaasj3xjexmqkmvudzlfu6lr5d3ulhj4efdg3phgyjs3f4s2xnr6nwq/backendSets/datas_lb1_Backendset/backends/10.0.1.204:80",
            "ip_address": "10.0.1.204",
            "load_balancer_id": "ocid1.loadbalancer.oc1.iad.aaaaaaaasj3xjexmqkmvudzlfu6lr5d3ulhj4efdg3phgyjs3f4s2xnr6nwq",
            "name": "10.0.1.204:80",
            "offline": false,
            "port": 80,
            "state": "SUCCEEDED",
            "timeouts": null,
            "weight": 1
          },
          "sensitive_attributes": [],
          "private": "eyJlMmJmYjczMC1lY2FhLTExZTYtOGY4OC0zNDM2M2JjN2M0YzAiOnsiY3JlYXRlIjoxMjAwMDAwMDAwMDAwLCJkZWxldGUiOjEyMDAwMDAwMDAwMDAsInVwZGF0ZSI6MTIwMDAwMDAwMDAwMH19",
          "dependencies": [
            "oci_core_dhcp_options.datas_dhcpOptions1",
            "oci_core_instance.datas_instance1",
            "oci_core_route_table.datas_routetable_viaIGW",
            "oci_core_security_list.datas_securitylist",
            "oci_core_subnet.datas_subnet",
            "oci_core_vcn.datas_vcn",
            "oci_load_balancer.datas_lb1",
            "oci_load_balancer_backendset.datas_lb1_Backendset"
          ]
        }
      ]
    },
    {
      "mode": "managed",
      "type": "oci_load_balancer_backend",
      "name": "datas_lb1_Backend2",
      "provider": "provider[\"registry.terraform.io/hashicorp/oci\"]",
      "instances": [
        {
          "schema_version": 0,
          "attributes": {
            "backendset_name": "datas_lb1_Backendset",
            "backup": false,
            "drain": false,
            "id": "loadBalancers/ocid1.loadbalancer.oc1.iad.aaaaaaaasj3xjexmqkmvudzlfu6lr5d3ulhj4efdg3phgyjs3f4s2xnr6nwq/backendSets/datas_lb1_Backendset/backends/10.0.1.205:80",
            "ip_address": "10.0.1.205",
            "load_balancer_id": "ocid1.loadbalancer.oc1.iad.aaaaaaaasj3xjexmqkmvudzlfu6lr5d3ulhj4efdg3phgyjs3f4s2xnr6nwq",
            "name": "10.0.1.205:80",
            "offline": false,
            "port": 80,
            "state": "SUCCEEDED",
            "timeouts": null,
            "weight": 1
          },
          "sensitive_attributes": [],
          "private": "eyJlMmJmYjczMC1lY2FhLTExZTYtOGY4OC0zNDM2M2JjN2M0YzAiOnsiY3JlYXRlIjoxMjAwMDAwMDAwMDAwLCJkZWxldGUiOjEyMDAwMDAwMDAwMDAsInVwZGF0ZSI6MTIwMDAwMDAwMDAwMH19",
          "dependencies": [
            "oci_core_dhcp_options.datas_dhcpOptions1",
            "oci_core_instance.datas_instance2",
            "oci_core_route_table.datas_routetable_viaIGW",
            "oci_core_security_list.datas_securitylist",
            "oci_core_subnet.datas_subnet",
            "oci_core_vcn.datas_vcn",
            "oci_load_balancer.datas_lb1",
            "oci_load_balancer_backendset.datas_lb1_Backendset"
          ]
        }
      ]
    },
    {
      "mode": "managed",
      "type": "oci_load_balancer_backendset",
      "name": "datas_lb1_Backendset",
      "provider": "provider[\"registry.terraform.io/hashicorp/oci\"]",
      "instances": [
        {
          "schema_version": 0,
          "attributes": {
            "backend": [],
            "health_checker": [
              {
                "interval_ms": 30000,
                "port": 80,
                "protocol": "HTTP",
                "response_body_regex": ".*",
                "retries": 3,
                "return_code": 200,
                "timeout_in_millis": 3000,
                "url_path": "/"
              }
            ],
            "id": "loadBalancers/ocid1.loadbalancer.oc1.iad.aaaaaaaasj3xjexmqkmvudzlfu6lr5d3ulhj4efdg3phgyjs3f4s2xnr6nwq/backendSets/datas_lb1_Backendset",
            "lb_cookie_session_persistence_configuration": [],
            "load_balancer_id": "ocid1.loadbalancer.oc1.iad.aaaaaaaasj3xjexmqkmvudzlfu6lr5d3ulhj4efdg3phgyjs3f4s2xnr6nwq",
            "name": "datas_lb1_Backendset",
            "policy": "ROUND_ROBIN",
            "session_persistence_configuration": [],
            "ssl_configuration": [],
            "state": "SUCCEEDED",
            "timeouts": null
          },
          "sensitive_attributes": [],
          "private": "eyJlMmJmYjczMC1lY2FhLTExZTYtOGY4OC0zNDM2M2JjN2M0YzAiOnsiY3JlYXRlIjoxMjAwMDAwMDAwMDAwLCJkZWxldGUiOjEyMDAwMDAwMDAwMDAsInVwZGF0ZSI6MTIwMDAwMDAwMDAwMH19",
          "dependencies": [
            "oci_core_dhcp_options.datas_dhcpOptions1",
            "oci_core_route_table.datas_routetable_viaIGW",
            "oci_core_security_list.datas_securitylist",
            "oci_core_subnet.datas_subnet",
            "oci_core_vcn.datas_vcn",
            "oci_load_balancer.datas_lb1"
          ]
        }
      ]
    },
    {
      "mode": "managed",
      "type": "oci_load_balancer_listener",
      "name": "datas_lb_Listener",
      "provider": "provider[\"registry.terraform.io/hashicorp/oci\"]",
      "instances": [
        {
          "schema_version": 0,
          "attributes": {
            "connection_configuration": [
              {
                "backend_tcp_proxy_protocol_version": 0,
                "idle_timeout_in_seconds": "60"
              }
            ],
            "default_backend_set_name": "datas_lb1_Backendset",
            "hostname_names": [],
            "id": "loadBalancers/ocid1.loadbalancer.oc1.iad.aaaaaaaasj3xjexmqkmvudzlfu6lr5d3ulhj4efdg3phgyjs3f4s2xnr6nwq/listeners/datas_lb_Listener",
            "load_balancer_id": "ocid1.loadbalancer.oc1.iad.aaaaaaaasj3xjexmqkmvudzlfu6lr5d3ulhj4efdg3phgyjs3f4s2xnr6nwq",
            "name": "datas_lb_Listener",
            "path_route_set_name": null,
            "port": 80,
            "protocol": "HTTP",
            "routing_policy_name": null,
            "rule_set_names": [],
            "ssl_configuration": [],
            "state": "SUCCEEDED",
            "timeouts": null
          },
          "sensitive_attributes": [],
          "private": "eyJlMmJmYjczMC1lY2FhLTExZTYtOGY4OC0zNDM2M2JjN2M0YzAiOnsiY3JlYXRlIjoxMjAwMDAwMDAwMDAwLCJkZWxldGUiOjEyMDAwMDAwMDAwMDAsInVwZGF0ZSI6MTIwMDAwMDAwMDAwMH19",
          "dependencies": [
            "oci_core_dhcp_options.datas_dhcpOptions1",
            "oci_core_route_table.datas_routetable_viaIGW",
            "oci_core_security_list.datas_securitylist",
            "oci_core_subnet.datas_subnet",
            "oci_core_vcn.datas_vcn",
            "oci_load_balancer.datas_lb1",
            "oci_load_balancer_backendset.datas_lb1_Backendset"
          ]
        }
      ]
    },
    {
      "mode": "managed",
      "type": "oci_objectstorage_bucket",
      "name": "datas-bucket1",
      "provider": "provider[\"registry.terraform.io/hashicorp/oci\"]",
      "instances": [
        {
          "schema_version": 0,
          "attributes": {
            "access_type": "NoPublicAccess",
            "approximate_count": "0",
            "approximate_size": "0",
            "auto_tiering": "Disabled",
            "bucket_id": "ocid1.bucket.oc1.iad.aaaaaaaavx344odhh7ri26acbogov6moayj2v3xzmhofkjcctpjp26kueywa",
            "compartment_id": "ocid1.compartment.oc1..aaaaaaaacrwyqytswze7bdtkh2hex7wylahjvg45o5lbaufbtub5k3mrcika",
            "created_by": "ocid1.user.oc1..aaaaaaaap4dsjvf2pgf7mx3o65widgxqbyxtwdblanrfveaqag3ckjbsstsa",
            "defined_tags": {
              "Oracle-Tags.CreatedBy": "identitycloudservice/ajay.k.kulkarni@oracle.com",
              "Oracle-Tags.CreatedOn": "2021-06-09T17:41:28.482Z",
              "ops.CreatedBy": "identitycloudservice/ajay.k.kulkarni@oracle.com",
              "ops.CreationDate": "2021-06-09T17:41:28.482Z"
            },
            "etag": "e6a82cb9-4ce8-490c-a010-ea882a15c26e",
            "freeform_tags": {},
            "id": "n/ociobenablement/b/datas-bucket",
            "is_read_only": false,
            "kms_key_id": null,
            "metadata": {},
            "name": "datas-bucket",
            "namespace": "ociobenablement",
            "object_events_enabled": false,
            "object_lifecycle_policy_etag": null,
            "replication_enabled": false,
            "retention_rules": [],
            "storage_tier": "Standard",
            "time_created": "2021-06-09 17:41:28.495 +0000 UTC",
            "timeouts": null,
            "versioning": "Disabled"
          },
          "sensitive_attributes": [],
          "private": "eyJlMmJmYjczMC1lY2FhLTExZTYtOGY4OC0zNDM2M2JjN2M0YzAiOnsiY3JlYXRlIjoxMjAwMDAwMDAwMDAwLCJkZWxldGUiOjEyMDAwMDAwMDAwMDAsInVwZGF0ZSI6MTIwMDAwMDAwMDAwMH19",
          "dependencies": [
            "data.oci_objectstorage_namespace.ns"
          ]
        }
      ]
    },
    {
      "mode": "managed",
      "type": "oci_objectstorage_namespace_metadata",
      "name": "namespace-metadata1",
      "provider": "provider[\"registry.terraform.io/hashicorp/oci\"]",
      "instances": [
        {
          "schema_version": 0,
          "attributes": {
            "default_s3compartment_id": "ocid1.compartment.oc1..aaaaaaaacrwyqytswze7bdtkh2hex7wylahjvg45o5lbaufbtub5k3mrcika",
            "default_swift_compartment_id": "ocid1.tenancy.oc1..aaaaaaaajznex5attydtrmrgudwayqu7kn4krasw2ct4h4pwz7nwbfxoyd4q",
            "id": "ociobenablement",
            "namespace": "ociobenablement",
            "timeouts": null
          },
          "sensitive_attributes": [],
          "private": "eyJlMmJmYjczMC1lY2FhLTExZTYtOGY4OC0zNDM2M2JjN2M0YzAiOnsiY3JlYXRlIjoxMjAwMDAwMDAwMDAwLCJkZWxldGUiOjEyMDAwMDAwMDAwMDAsInVwZGF0ZSI6MTIwMDAwMDAwMDAwMH19",
          "dependencies": [
            "data.oci_objectstorage_namespace.ns"
          ]
        }
      ]
    }
  ]
}
